<?xml version="1.0" encoding="UTF-8" standalone="yes" ?>
<CodeBlocks_project_file>
	<FileVersion major="1" minor="6" />
	<Project>
		<Option title="TicTacToeGL" />
		<Option pch_mode="2" />
		<Option compiler="gcc" />
		<Build>
			<Target title="Debug">
				<Option platforms="Unix;" />
				<Option output="bin/Debug/TicTacToeGL" prefix_auto="1" extension_auto="1" />
				<Option working_dir="./Resources" />
				<Option object_output="obj/Debug/" />
				<Option type="1" />
				<Option compiler="gcc" />
				<Compiler>
					<Add option="-Wall" />
					<Add option="-g" />
					<Add option="`sdl-config --cflags --libs`" />
				</Compiler>
			</Target>
			<Target title="Dist_LINUX">
				<Option platforms="Unix;" />
				<Option output="bin/DIST/LINUX/TicTacToeGL" prefix_auto="1" extension_auto="1" />
				<Option working_dir="./Resources" />
				<Option object_output="obj/DIST" />
				<Option type="0" />
				<Option compiler="gcc" />
				<Compiler>
					<Add option="`sdl-config --cflags --libs`" />
				</Compiler>
				<ExtraCommands>
					<Add after="rm -rf ./bin/DIST/LINUX/gfx" />
					<Add after="mkdir ./bin/DIST/LINUX/gfx" />
					<Add after="cp -rfv ./Resources/gfx/*.png ./bin/DIST/LINUX/gfx" />
					<Mode after="always" />
				</ExtraCommands>
			</Target>
			<Target title="DIST_WIN32">
				<Option platforms="Unix;" />
				<Option output="bin/DIST/WIN32/TicTacToeGL.exe" prefix_auto="1" extension_auto="0" />
				<Option working_dir="bin/DIST/WIN32" />
				<Option object_output="obj/DIST" />
				<Option type="1" />
				<Option compiler="mingw32_compiler" />
				<Option use_console_runner="0" />
				<Option projectCompilerOptionsRelation="1" />
				<Option projectLinkerOptionsRelation="1" />
				<Option projectIncludeDirsRelation="1" />
				<Compiler>
					<Add option="-Wall" />
					<Add option="-g" />
					<Add option="-I/opt/SDL-1.2.13/include" />
					<Add option="`/opt/SDL-1.2.13/bin/i586-mingw32msvc-sdl-config --cflags`" />
				</Compiler>
				<Linker>
					<Add option="`/opt/SDL-1.2.13/bin/i586-mingw32msvc-sdl-config --libs`" />
					<Add option="-lopengl32" />
					<Add option="-glu32" />
					<Add option="-ldevil" />
					<Add option="-lilu" />
					<Add option="-lilut" />
				</Linker>
				<ExtraCommands>
					<Add after="# Clean and recopy stuff" />
					<Add after="rm -rfv ./bin/DIST/WIN32/gfx" />
					<Add after="mkdir -v ./bin/DIST/WIN32/gfx" />
					<Add after="cp -rfv ./Resources/gfx/*.png ./bin/DIST/WIN32/gfx" />
					<Add after="rm -rfv ./bin/DIST/WIN32/*.dll" />
					<Add after="cp -rfv ./Resources/DLLs/* ./bin/DIST/WIN32" />
					<Add after="rm -rfv /Share/Development/TTT32" />
					<Add after="mkdir -pv /Share/Development/TTT32" />
					<Add after="cp -rv ./bin/DIST/WIN32/* /Share/Development/TTT32" />
					<Add after="chmod -R 777 /Share/Development/" />
					<Mode after="always" />
				</ExtraCommands>
			</Target>
		</Build>
		<Compiler>
			<Add option="-Wall" />
			<Add option="-g" />
			<Add option="`sdl-config --cflags --libs`" />
		</Compiler>
		<Linker>
			<Add library="SDL" />
			<Add library="GL" />
			<Add library="GLU" />
			<Add library="png" />
		</Linker>
		<Unit filename="CBPNGLoader.cpp" />
		<Unit filename="CBPNGLoader.h" />
		<Unit filename="GameApp.cpp" />
		<Unit filename="GameApp.h" />
		<Unit filename="GameBoard.cpp" />
		<Unit filename="GameBoard.h" />
		<Unit filename="GameContext.cpp" />
		<Unit filename="GameContext.h" />
		<Unit filename="GameTexture.cpp" />
		<Unit filename="GameTexture.h" />
		<Unit filename="main.cpp" />
		<Extensions>
			<envvars />
			<code_completion />
			<debugger />
			<lib_finder disable_auto="1" />
		</Extensions>
	</Project>
</CodeBlocks_project_file>
